<?xml version="1.0" encoding="utf-8"?>
<Project ToolsVersion="4.0" xmlns="http://schemas.microsoft.com/developer/msbuild/2003">
  <ItemGroup>
    <Filter Include="ソース ファイル">
      <UniqueIdentifier>{4FC737F1-C7A5-4376-A066-2A32D752A2FF}</UniqueIdentifier>
      <Extensions>cpp;c;cc;cxx;c++;cppm;ixx;def;odl;idl;hpj;bat;asm;asmx</Extensions>
    </Filter>
    <Filter Include="ヘッダー ファイル">
      <UniqueIdentifier>{93995380-89BD-4b04-88EB-625FBE52EBFB}</UniqueIdentifier>
      <Extensions>h;hh;hpp;hxx;h++;hm;inl;inc;ipp;xsd</Extensions>
    </Filter>
    <Filter Include="リソース ファイル">
      <UniqueIdentifier>{67DA6AB6-F800-4c08-8B7A-83BB121AAD01}</UniqueIdentifier>
      <Extensions>rc;ico;cur;bmp;dlg;rc2;rct;bin;rgs;gif;jpg;jpeg;jpe;resx;tiff;tif;png;wav;mfcribbon-ms</Extensions>
    </Filter>
    <Filter Include="Engine">
      <UniqueIdentifier>{8f3c1d2e-4b5a-6c7d-8e9f-0a1b2c3d4e5f}</UniqueIdentifier>
    </Filter>
    <Filter Include="Engine\Core">
      <UniqueIdentifier>{1a2b3c4d-5e6f-7a8b-9c0d-1e2f3a4b5c6d}</UniqueIdentifier>
    </Filter>
    <Filter Include="Engine\Graphics">
      <UniqueIdentifier>{2b3c4d5e-6f7a-8b9c-0d1e-2f3a4b5c6d7e}</UniqueIdentifier>
    </Filter>
    <Filter Include="Engine\Graphics\Core">
      <UniqueIdentifier>{2b3c4d5e-0001-0001-0001-2f3a4b5c6d7e}</UniqueIdentifier>
    </Filter>
    <Filter Include="Engine\Graphics\Buffer">
      <UniqueIdentifier>{2b3c4d5e-0002-0002-0002-2f3a4b5c6d7e}</UniqueIdentifier>
    </Filter>
    <Filter Include="Engine\Graphics\Pipeline">
      <UniqueIdentifier>{2b3c4d5e-0003-0003-0003-2f3a4b5c6d7e}</UniqueIdentifier>
    </Filter>
    <Filter Include="Engine\Graphics\Mesh">
      <UniqueIdentifier>{2b3c4d5e-0004-0004-0004-2f3a4b5c6d7e}</UniqueIdentifier>
    </Filter>
    <Filter Include="Engine\Graphics\Texture">
      <UniqueIdentifier>{2b3c4d5e-0005-0005-0005-2f3a4b5c6d7e}</UniqueIdentifier>
    </Filter>
    <Filter Include="Engine\Graphics\Light">
      <UniqueIdentifier>{2b3c4d5e-0006-0006-0006-2f3a4b5c6d7e}</UniqueIdentifier>
    </Filter>
    <Filter Include="Engine\Graphics\Renderer">
      <UniqueIdentifier>{2b3c4d5e-0007-0007-0007-2f3a4b5c6d7e}</UniqueIdentifier>
    </Filter>
    <Filter Include="Engine\Window">
      <UniqueIdentifier>{3c4d5e6f-7a8b-9c0d-1e2f-3a4b5c6d7e8f}</UniqueIdentifier>
    </Filter>
    <Filter Include="Engine\Math">
      <UniqueIdentifier>{4d5e6f7a-8b9c-0d1e-2f3a-4b5c6d7e8f9a}</UniqueIdentifier>
    </Filter>
    <Filter Include="Engine\Input">
      <UniqueIdentifier>{5e6f7a8b-9c0d-1e2f-3a4b-5c6d7e8f9a0b}</UniqueIdentifier>
    </Filter>
    <Filter Include="Engine\UI">
      <UniqueIdentifier>{6f7a8b9c-0d1e-2f3a-4b5c-6d7e8f9a0b1c}</UniqueIdentifier>
    </Filter>
    <Filter Include="Engine\Rendering">
      <UniqueIdentifier>{9e0f1a2b-3c4d-5e6f-7a8b-9c0d1e2f3a4b}</UniqueIdentifier>
    </Filter>
    <Filter Include="Engine\Resource">
      <UniqueIdentifier>{0f1a2b3c-4d5e-6f7a-8b9c-0d1e2f3a4b5c}</UniqueIdentifier>
    </Filter>
    <Filter Include="Engine\Systems">
      <UniqueIdentifier>{1a2b3c4d-5e6f-7a8b-9c0d-1e2f3a4b5c6e}</UniqueIdentifier>
    </Filter>
    <Filter Include="Engine\Animation">
      <UniqueIdentifier>{c3d4e5f6-a7b8-9c0d-1e2f-3a4b5c6d7e8f}</UniqueIdentifier>
    </Filter>
    <Filter Include="Engine\Scene">
      <UniqueIdentifier>{d4e5f6a7-b8c9-0d1e-2f3a-4b5c6d7e8f9a}</UniqueIdentifier>
    </Filter>
    <Filter Include="Engine\Audio">
      <UniqueIdentifier>{e5f6a7b8-c9d0-1e2f-3a4b-5c6d7e8f9a0b}</UniqueIdentifier>
    </Filter>
    <Filter Include="Engine\Scripting">
      <UniqueIdentifier>{f6a7b8c9-d0e1-2f3a-4b5c-6d7e8f9a0b1c}</UniqueIdentifier>
    </Filter>
    <Filter Include="Game">
      <UniqueIdentifier>{7a8b9c0d-1e2f-3a4b-5c6d-7e8f9a0b1c2d}</UniqueIdentifier>
    </Filter>
    <Filter Include="Game\Components">
      <UniqueIdentifier>{7b8c9d0e-1f2a-3b4c-5d6e-7f8a9b0c1d2e}</UniqueIdentifier>
    </Filter>
    <Filter Include="Game\Scenes">
      <UniqueIdentifier>{8c9d0e1f-2a3b-4c5d-6e7f-8a9b0c1d2e3f}</UniqueIdentifier>
    </Filter>
    <Filter Include="Game\Systems">
      <UniqueIdentifier>{a1b2c3d4-e5f6-7a8b-9c0d-1e2f3a4b5c6d}</UniqueIdentifier>
    </Filter>
    <Filter Include="Game\UI">
      <UniqueIdentifier>{b2c3d4e5-f6a7-8b9c-0d1e-2f3a4b5c6d7e}</UniqueIdentifier>
    </Filter>
    <Filter Include="External">
      <UniqueIdentifier>{a7b8c9d0-e1f2-3a4b-5c6d-7e8f9a0b1c2d}</UniqueIdentifier>
    </Filter>
    <Filter Include="External\Lua">
      <UniqueIdentifier>{b8c9d0e1-f2a3-4b5c-6d7e-8f9a0b1c2d3e}</UniqueIdentifier>
    </Filter>
    <Filter Include="External\Sol">
      <UniqueIdentifier>{c9d0e1f2-a3b4-5c6d-7e8f-9a0b1c2d3e4f}</UniqueIdentifier>
    </Filter>
    <Filter Include="External\ImGui">
      <UniqueIdentifier>{d0e1f2a3-b4c5-6d7e-8f9a-0b1c2d3e4f5a}</UniqueIdentifier>
    </Filter>
    <Filter Include="Shaders">
      <UniqueIdentifier>{9d0e1f2a-3b4c-5d6e-7f8a-9b0c1d2e3f4a}</UniqueIdentifier>
    </Filter>
    <Filter Include="Shaders\Particle">
      <UniqueIdentifier>{a0b1c2d3-e4f5-6a7b-8c9d-0e1f2a3b4c5d}</UniqueIdentifier>
    </Filter>
    <Filter Include="Engine\Particle">
      <UniqueIdentifier>{b1c2d3e4-f5a6-7b8c-9d0e-1f2a3b4c5d6e}</UniqueIdentifier>
    </Filter>
    <Filter Include="Engine\Editor">
      <UniqueIdentifier>{c2d3e4f5-a6b7-8c9d-0e1f-2a3b4c5d6e7f}</UniqueIdentifier>
    </Filter>
    <Filter Include="Engine\PostProcess">
      <UniqueIdentifier>{d3e4f5a6-b7c8-9d0e-1f2a-3b4c5d6e7f8a}</UniqueIdentifier>
    </Filter>
    <Filter Include="Shaders\PostProcess">
      <UniqueIdentifier>{e4f5a6b7-c8d9-0e1f-2a3b-4c5d6e7f8a9b}</UniqueIdentifier>
    </Filter>
    <Filter Include="Shaders\Basic">
      <UniqueIdentifier>{f5a6b7c8-d9e0-1f2a-3b4c-5d6e7f8a9b0c}</UniqueIdentifier>
    </Filter>
    <Filter Include="Shaders\Debug">
      <UniqueIdentifier>{a6b7c8d9-e0f1-2a3b-4c5d-6e7f8a9b0c1d}</UniqueIdentifier>
    </Filter>
    <Filter Include="Shaders\PBR">
      <UniqueIdentifier>{b7c8d9e0-f1a2-3b4c-5d6e-7f8a9b0c1d2e}</UniqueIdentifier>
    </Filter>
    <Filter Include="Shaders\Skinned">
      <UniqueIdentifier>{c8d9e0f1-a2b3-4c5d-6e7f-8a9b0c1d2e3f}</UniqueIdentifier>
    </Filter>
    <Filter Include="Shaders\Sprite">
      <UniqueIdentifier>{d9e0f1a2-b3c4-5d6e-7f8a-9b0c1d2e3f4a}</UniqueIdentifier>
    </Filter>
  </ItemGroup>
  <ItemGroup>
    <!-- Main -->
    <ClCompile Include="main.cpp">
      <Filter>ソース ファイル</Filter>
    </ClCompile>
    <!-- Engine\Core -->
    <ClCompile Include="Engine\Core\CameraComponent.cpp">
      <Filter>Engine\Core</Filter>
    </ClCompile>
    <ClCompile Include="Engine\Core\Application.cpp">
      <Filter>Engine\Core</Filter>
    </ClCompile>
    <ClCompile Include="Engine\Core\Camera.cpp">
      <Filter>Engine\Core</Filter>
    </ClCompile>
    <ClCompile Include="Engine\Core\Transform.cpp">
      <Filter>Engine\Core</Filter>
    </ClCompile>
    <ClCompile Include="Engine\Core\GameObject.cpp">
      <Filter>Engine\Core</Filter>
    </ClCompile>
    <ClCompile Include="Engine\Core\Scene.cpp">
      <Filter>Engine\Core</Filter>
    </ClCompile>
    <ClCompile Include="Engine\Core\SceneManager.cpp">
      <Filter>Engine\Core</Filter>
    </ClCompile>
    <ClCompile Include="Engine\Core\OrbitController.cpp">
      <Filter>Engine\Core</Filter>
    </ClCompile>
    <ClCompile Include="Engine\Core\Logger.cpp">
      <Filter>Engine\Core</Filter>
    </ClCompile>
    <!-- Engine\Graphics\Core -->
    <ClCompile Include="Engine\Graphics\GraphicsDevice.cpp">
      <Filter>Engine\Graphics\Core</Filter>
    </ClCompile>
    <!-- Engine\Graphics\Buffer -->
    <ClCompile Include="Engine\Graphics\VertexBuffer.cpp">
      <Filter>Engine\Graphics\Buffer</Filter>
    </ClCompile>
    <ClCompile Include="Engine\Graphics\IndexBuffer.cpp">
      <Filter>Engine\Graphics\Buffer</Filter>
    </ClCompile>
    <!-- Engine\Graphics\Pipeline -->
    <ClCompile Include="Engine\Graphics\Shader.cpp">
      <Filter>Engine\Graphics\Pipeline</Filter>
    </ClCompile>
    <ClCompile Include="Engine\Graphics\Pipeline.cpp">
      <Filter>Engine\Graphics\Pipeline</Filter>
    </ClCompile>
    <ClCompile Include="Engine\Graphics\SpritePipeline.cpp">
      <Filter>Engine\Graphics\Pipeline</Filter>
    </ClCompile>
    <ClCompile Include="Engine\Graphics\SkinnedPipeline.cpp">
      <Filter>Engine\Graphics\Pipeline</Filter>
    </ClCompile>
    <ClCompile Include="Engine\Graphics\DebugLinePipeline.cpp">
      <Filter>Engine\Graphics\Pipeline</Filter>
    </ClCompile>
    <ClCompile Include="Engine\Graphics\InfiniteGridPipeline.cpp">
      <Filter>Engine\Graphics\Pipeline</Filter>
    </ClCompile>
    <!-- Engine\Graphics\Mesh -->
    <ClCompile Include="Engine\Graphics\Mesh.cpp">
      <Filter>Engine\Graphics\Mesh</Filter>
    </ClCompile>
    <ClCompile Include="Engine\Graphics\SkinnedMesh.cpp">
      <Filter>Engine\Graphics\Mesh</Filter>
    </ClCompile>
    <!-- Engine\Graphics\Texture -->
    <ClCompile Include="Engine\Graphics\Texture2D.cpp">
      <Filter>Engine\Graphics\Texture</Filter>
    </ClCompile>
    <ClCompile Include="Engine\Graphics\RenderTexture.cpp">
      <Filter>Engine\Graphics\Texture</Filter>
    </ClCompile>
    <!-- Engine\Graphics\Light -->
    <ClCompile Include="Engine\Graphics\DirectionalLight.cpp">
      <Filter>Engine\Graphics\Light</Filter>
    </ClCompile>
    <ClCompile Include="Engine\Graphics\DirectionalLightComponent.cpp">
      <Filter>Engine\Graphics\Light</Filter>
    </ClCompile>
    <!-- Engine\Graphics\Renderer -->
    <ClCompile Include="Engine\Graphics\Material.cpp">
      <Filter>Engine\Graphics\Renderer</Filter>
    </ClCompile>
    <ClCompile Include="Engine\Graphics\Sprite.cpp">
      <Filter>Engine\Graphics\Renderer</Filter>
    </ClCompile>
    <ClCompile Include="Engine\Graphics\MeshRenderer.cpp">
      <Filter>Engine\Graphics\Renderer</Filter>
    </ClCompile>
    <!-- Engine\Window -->
    <ClCompile Include="Engine\Window\Window.cpp">
      <Filter>Engine\Window</Filter>
    </ClCompile>
    <!-- Engine\Math -->
    <ClCompile Include="Engine\Math\Quaternion.cpp">
      <Filter>Engine\Math</Filter>
    </ClCompile>
    <!-- Engine\Input -->
    <ClCompile Include="Engine\Input\Keyboard.cpp">
      <Filter>Engine\Input</Filter>
    </ClCompile>
    <ClCompile Include="Engine\Input\Mouse.cpp">
      <Filter>Engine\Input</Filter>
    </ClCompile>
    <ClCompile Include="Engine\Input\InputManager.cpp">
      <Filter>Engine\Input</Filter>
    </ClCompile>
    <!-- Engine\UI -->
    <ClCompile Include="Engine\UI\ImGuiManager.cpp">
      <Filter>Engine\UI</Filter>
    </ClCompile>
    <ClCompile Include="Engine\UI\imgui_toggle.cpp">
      <Filter>Engine\UI</Filter>
    </ClCompile>
    <ClCompile Include="Engine\UI\imgui_toggle_palette.cpp">
      <Filter>Engine\UI</Filter>
    </ClCompile>
    <ClCompile Include="Engine\UI\imgui_toggle_presets.cpp">
      <Filter>Engine\UI</Filter>
    </ClCompile>
    <ClCompile Include="Engine\UI\imgui_toggle_renderer.cpp">
      <Filter>Engine\UI</Filter>
    </ClCompile>
    <!-- Engine\Rendering -->
    <ClCompile Include="Engine\Rendering\RenderSystem.cpp">
      <Filter>Engine\Rendering</Filter>
    </ClCompile>
    <ClCompile Include="Engine\Rendering\LightManager.cpp">
      <Filter>Engine\Rendering</Filter>
    </ClCompile>
    <ClCompile Include="Engine\Rendering\Renderer.cpp">
      <Filter>Engine\Rendering</Filter>
    </ClCompile>
    <ClCompile Include="Engine\Rendering\SkinnedMeshRenderer.cpp">
      <Filter>Engine\Rendering</Filter>
    </ClCompile>
    <ClCompile Include="Engine\Rendering\DebugRenderer.cpp">
      <Filter>Engine\Rendering</Filter>
    </ClCompile>
    <!-- Engine\Resource -->
    <ClCompile Include="Engine\Resource\ResourceLoader.cpp">
      <Filter>Engine\Resource</Filter>
    </ClCompile>
    <ClCompile Include="Engine\Resource\SkinnedModelImporter.cpp">
      <Filter>Engine\Resource</Filter>
    </ClCompile>
    <ClCompile Include="Engine\Resource\ResourceManager.cpp">
      <Filter>Engine\Resource</Filter>
    </ClCompile>
    <ClCompile Include="Engine\Resource\ModelImporter.cpp">
      <Filter>Engine\Resource</Filter>
    </ClCompile>
    <ClCompile Include="Engine\Resource\StaticModelImporter.cpp">
      <Filter>Engine\Resource</Filter>
    </ClCompile>
    <!-- Engine\Systems -->
    <ClCompile Include="Engine\Systems\SystemManager.cpp">
      <Filter>Engine\Systems</Filter>
    </ClCompile>
    <!-- Engine\Animation -->
    <ClCompile Include="Engine\Animation\Skeleton.cpp">
      <Filter>Engine\Animation</Filter>
    </ClCompile>
    <ClCompile Include="Engine\Animation\AnimationClip.cpp">
      <Filter>Engine\Animation</Filter>
    </ClCompile>
    <ClCompile Include="Engine\Animation\AnimationState.cpp">
      <Filter>Engine\Animation</Filter>
    </ClCompile>
    <ClCompile Include="Engine\Animation\Animator.cpp">
      <Filter>Engine\Animation</Filter>
    </ClCompile>
    <ClCompile Include="Engine\Animation\AnimatorComponent.cpp">
      <Filter>Engine\Animation</Filter>
    </ClCompile>
    <ClCompile Include="Engine\Animation\AnimationSystem.cpp">
      <Filter>Engine\Animation</Filter>
    </ClCompile>
    <!-- Engine\Scene -->
    <ClCompile Include="Engine\Scene\SceneSerializer.cpp">
      <Filter>Engine\Scene</Filter>
    </ClCompile>
    <!-- Engine\Audio -->
    <ClCompile Include="Engine\Audio\AudioSystem.cpp">
      <Filter>Engine\Audio</Filter>
    </ClCompile>
    <ClCompile Include="Engine\Audio\AudioClip.cpp">
      <Filter>Engine\Audio</Filter>
    </ClCompile>
    <ClCompile Include="Engine\Audio\AudioSource.cpp">
      <Filter>Engine\Audio</Filter>
    </ClCompile>
    <ClCompile Include="Engine\Audio\AudioListener.cpp">
      <Filter>Engine\Audio</Filter>
    </ClCompile>
    <!-- Engine\Scripting -->
    <ClCompile Include="Engine\Scripting\LuaState.cpp">
      <Filter>Engine\Scripting</Filter>
    </ClCompile>
    <ClCompile Include="Engine\Scripting\LuaScriptComponent.cpp">
      <Filter>Engine\Scripting</Filter>
    </ClCompile>
    <!-- Engine\Particle -->
    <ClCompile Include="Engine\Particle\ParticleEmitter.cpp">
      <Filter>Engine\Particle</Filter>
    </ClCompile>
    <ClCompile Include="Engine\Particle\ParticleSystem.cpp">
      <Filter>Engine\Particle</Filter>
    </ClCompile>
    <ClCompile Include="Engine\Particle\ParticleSerializer.cpp">
      <Filter>Engine\Particle</Filter>
    </ClCompile>
    <!-- Engine\Editor -->
    <ClCompile Include="Engine\Editor\CurveEditor.cpp">
      <Filter>Engine\Editor</Filter>
    </ClCompile>
    <ClCompile Include="Engine\Editor\ParticleEditor.cpp">
      <Filter>Engine\Editor</Filter>
    </ClCompile>
    <!-- Engine\PostProcess -->
    <ClCompile Include="Engine\PostProcess\PostProcessPipeline.cpp">
      <Filter>Engine\PostProcess</Filter>
    </ClCompile>
    <ClCompile Include="Engine\PostProcess\PostProcessManager.cpp">
      <Filter>Engine\PostProcess</Filter>
    </ClCompile>
    <ClCompile Include="Engine\PostProcess\GrayscalePostProcess.cpp">
      <Filter>Engine\PostProcess</Filter>
    </ClCompile>
    <ClCompile Include="Engine\PostProcess\VignettePostProcess.cpp">
      <Filter>Engine\PostProcess</Filter>
    </ClCompile>
    <ClCompile Include="Engine\PostProcess\FisheyePostProcess.cpp">
      <Filter>Engine\PostProcess</Filter>
    </ClCompile>
    <!-- Game -->
    <ClCompile Include="Game\GameApplication.cpp">
      <Filter>Game</Filter>
    </ClCompile>
    <!-- Game\Components -->
    <ClCompile Include="Game\Components\PlayerController.cpp">
      <Filter>Game\Components</Filter>
    </ClCompile>
    <!-- Game\Systems -->
    <ClCompile Include="Game\Systems\CameraSystem.cpp">
      <Filter>Game\Systems</Filter>
    </ClCompile>
    <!-- Game\UI -->
    <ClCompile Include="Game\UI\EditorUI.cpp">
      <Filter>Game\UI</Filter>
    </ClCompile>
    <ClCompile Include="Game\UI\EditorCamera.cpp">
      <Filter>Game\UI</Filter>
    </ClCompile>
    <ClCompile Include="Game\UI\GizmoSystem.cpp">
      <Filter>Game\UI</Filter>
    </ClCompile>
    <ClCompile Include="Game\UI\ImGuizmo.cpp">
      <Filter>Game\UI</Filter>
    </ClCompile>
    <!-- External\Lua -->
    <ClCompile Include="external\lua\src\lapi.c">
      <Filter>External\Lua</Filter>
    </ClCompile>
    <ClCompile Include="external\lua\src\lauxlib.c">
      <Filter>External\Lua</Filter>
    </ClCompile>
    <ClCompile Include="external\lua\src\lbaselib.c">
      <Filter>External\Lua</Filter>
    </ClCompile>
    <ClCompile Include="external\lua\src\lcode.c">
      <Filter>External\Lua</Filter>
    </ClCompile>
    <ClCompile Include="external\lua\src\lcorolib.c">
      <Filter>External\Lua</Filter>
    </ClCompile>
    <ClCompile Include="external\lua\src\lctype.c">
      <Filter>External\Lua</Filter>
    </ClCompile>
    <ClCompile Include="external\lua\src\ldblib.c">
      <Filter>External\Lua</Filter>
    </ClCompile>
    <ClCompile Include="external\lua\src\ldebug.c">
      <Filter>External\Lua</Filter>
    </ClCompile>
    <ClCompile Include="external\lua\src\ldo.c">
      <Filter>External\Lua</Filter>
    </ClCompile>
    <ClCompile Include="external\lua\src\ldump.c">
      <Filter>External\Lua</Filter>
    </ClCompile>
    <ClCompile Include="external\lua\src\lfunc.c">
      <Filter>External\Lua</Filter>
    </ClCompile>
    <ClCompile Include="external\lua\src\lgc.c">
      <Filter>External\Lua</Filter>
    </ClCompile>
    <ClCompile Include="external\lua\src\linit.c">
      <Filter>External\Lua</Filter>
    </ClCompile>
    <ClCompile Include="external\lua\src\liolib.c">
      <Filter>External\Lua</Filter>
    </ClCompile>
    <ClCompile Include="external\lua\src\llex.c">
      <Filter>External\Lua</Filter>
    </ClCompile>
    <ClCompile Include="external\lua\src\lmathlib.c">
      <Filter>External\Lua</Filter>
    </ClCompile>
    <ClCompile Include="external\lua\src\lmem.c">
      <Filter>External\Lua</Filter>
    </ClCompile>
    <ClCompile Include="external\lua\src\loadlib.c">
      <Filter>External\Lua</Filter>
    </ClCompile>
    <ClCompile Include="external\lua\src\lobject.c">
      <Filter>External\Lua</Filter>
    </ClCompile>
    <ClCompile Include="external\lua\src\lopcodes.c">
      <Filter>External\Lua</Filter>
    </ClCompile>
    <ClCompile Include="external\lua\src\loslib.c">
      <Filter>External\Lua</Filter>
    </ClCompile>
    <ClCompile Include="external\lua\src\lparser.c">
      <Filter>External\Lua</Filter>
    </ClCompile>
    <ClCompile Include="external\lua\src\lstate.c">
      <Filter>External\Lua</Filter>
    </ClCompile>
    <ClCompile Include="external\lua\src\lstring.c">
      <Filter>External\Lua</Filter>
    </ClCompile>
    <ClCompile Include="external\lua\src\lstrlib.c">
      <Filter>External\Lua</Filter>
    </ClCompile>
    <ClCompile Include="external\lua\src\ltable.c">
      <Filter>External\Lua</Filter>
    </ClCompile>
    <ClCompile Include="external\lua\src\ltablib.c">
      <Filter>External\Lua</Filter>
    </ClCompile>
    <ClCompile Include="external\lua\src\ltm.c">
      <Filter>External\Lua</Filter>
    </ClCompile>
    <ClCompile Include="external\lua\src\lundump.c">
      <Filter>External\Lua</Filter>
    </ClCompile>
    <ClCompile Include="external\lua\src\lutf8lib.c">
      <Filter>External\Lua</Filter>
    </ClCompile>
    <ClCompile Include="external\lua\src\lvm.c">
      <Filter>External\Lua</Filter>
    </ClCompile>
    <ClCompile Include="external\lua\src\lzio.c">
      <Filter>External\Lua</Filter>
    </ClCompile>
    <!-- External\ImGui -->
    <ClCompile Include="external\imgui\imgui.cpp">
      <Filter>External\ImGui</Filter>
    </ClCompile>
    <ClCompile Include="external\imgui\imgui_draw.cpp">
      <Filter>External\ImGui</Filter>
    </ClCompile>
    <ClCompile Include="external\imgui\imgui_tables.cpp">
      <Filter>External\ImGui</Filter>
    </ClCompile>
    <ClCompile Include="external\imgui\imgui_widgets.cpp">
      <Filter>External\ImGui</Filter>
    </ClCompile>
    <ClCompile Include="external\imgui\imgui_demo.cpp">
      <Filter>External\ImGui</Filter>
    </ClCompile>
    <ClCompile Include="external\imgui\backends\imgui_impl_win32.cpp">
      <Filter>External\ImGui</Filter>
    </ClCompile>
    <ClCompile Include="external\imgui\backends\imgui_impl_dx12.cpp">
      <Filter>External\ImGui</Filter>
    </ClCompile>
  </ItemGroup>
  <ItemGroup>
    <!-- Engine\Core -->
    <ClInclude Include="Engine\Core\Application.h">
      <Filter>Engine\Core</Filter>
    </ClInclude>
    <ClInclude Include="Engine\Core\Camera.h">
      <Filter>Engine\Core</Filter>
    </ClInclude>
    <ClInclude Include="Engine\Core\Transform.h">
      <Filter>Engine\Core</Filter>
    </ClInclude>
    <ClInclude Include="Engine\Core\Component.h">
      <Filter>Engine\Core</Filter>
    </ClInclude>
    <ClInclude Include="Engine\Core\GameObject.h">
      <Filter>Engine\Core</Filter>
    </ClInclude>
    <ClInclude Include="Engine\Core\Scene.h">
      <Filter>Engine\Core</Filter>
    </ClInclude>
    <ClInclude Include="Engine\Core\SceneManager.h">
      <Filter>Engine\Core</Filter>
    </ClInclude>
    <ClInclude Include="Engine\Core\OrbitController.h">
      <Filter>Engine\Core</Filter>
    </ClInclude>
    <ClInclude Include="Engine\Core\Logger.h">
      <Filter>Engine\Core</Filter>
    </ClInclude>
    <ClInclude Include="Engine\Core\NonCopyable.h">
      <Filter>Engine\Core</Filter>
    </ClInclude>
    <ClInclude Include="Engine\Core\Types.h">
      <Filter>Engine\Core</Filter>
    </ClInclude>
    <!-- Engine\Graphics\Core -->
    <ClInclude Include="Engine\Graphics\ConstantBuffer.h">
      <Filter>Engine\Graphics\Core</Filter>
    </ClInclude>
    <ClInclude Include="Engine\Graphics\DynamicConstantBuffer.h">
      <Filter>Engine\Graphics\Core</Filter>
    </ClInclude>
    <ClInclude Include="Engine\Graphics\D3D12Common.h">
      <Filter>Engine\Graphics\Core</Filter>
    </ClInclude>
    <ClInclude Include="Engine\Graphics\d3dx12.h">
      <Filter>Engine\Graphics\Core</Filter>
    </ClInclude>
    <ClInclude Include="Engine\Graphics\GraphicsDevice.h">
      <Filter>Engine\Graphics\Core</Filter>
    </ClInclude>
    <!-- Engine\Graphics\Buffer -->
    <ClInclude Include="Engine\Graphics\VertexBuffer.h">
      <Filter>Engine\Graphics\Buffer</Filter>
    </ClInclude>
    <ClInclude Include="Engine\Graphics\IndexBuffer.h">
      <Filter>Engine\Graphics\Buffer</Filter>
    </ClInclude>
    <!-- Engine\Graphics\Pipeline -->
    <ClInclude Include="Engine\Graphics\Shader.h">
      <Filter>Engine\Graphics\Pipeline</Filter>
    </ClInclude>
    <ClInclude Include="Engine\Graphics\Pipeline.h">
      <Filter>Engine\Graphics\Pipeline</Filter>
    </ClInclude>
    <ClInclude Include="Engine\Graphics\SpritePipeline.h">
      <Filter>Engine\Graphics\Pipeline</Filter>
    </ClInclude>
    <ClInclude Include="Engine\Graphics\SkinnedPipeline.h">
      <Filter>Engine\Graphics\Pipeline</Filter>
    </ClInclude>
    <ClInclude Include="Engine\Graphics\DebugLinePipeline.h">
      <Filter>Engine\Graphics\Pipeline</Filter>
    </ClInclude>
    <ClInclude Include="Engine\Graphics\InfiniteGridPipeline.h">
      <Filter>Engine\Graphics\Pipeline</Filter>
    </ClInclude>
    <!-- Engine\Graphics\Mesh -->
    <ClInclude Include="Engine\Graphics\Mesh.h">
      <Filter>Engine\Graphics\Mesh</Filter>
    </ClInclude>
    <ClInclude Include="Engine\Graphics\SkinnedMesh.h">
      <Filter>Engine\Graphics\Mesh</Filter>
    </ClInclude>
    <ClInclude Include="Engine\Graphics\SkinnedVertex.h">
      <Filter>Engine\Graphics\Mesh</Filter>
    </ClInclude>
    <!-- Engine\Graphics\Texture -->
    <ClInclude Include="Engine\Graphics\Texture2D.h">
      <Filter>Engine\Graphics\Texture</Filter>
    </ClInclude>
    <ClInclude Include="Engine\Graphics\RenderTexture.h">
      <Filter>Engine\Graphics\Texture</Filter>
    </ClInclude>
    <!-- Engine\Graphics\Light -->
    <ClInclude Include="Engine\Graphics\DirectionalLight.h">
      <Filter>Engine\Graphics\Light</Filter>
    </ClInclude>
    <ClInclude Include="Engine\Graphics\DirectionalLightComponent.h">
      <Filter>Engine\Graphics\Light</Filter>
    </ClInclude>
    <!-- Engine\Graphics\Renderer -->
    <ClInclude Include="Engine\Graphics\Material.h">
      <Filter>Engine\Graphics\Renderer</Filter>
    </ClInclude>
    <ClInclude Include="Engine\Graphics\Sprite.h">
      <Filter>Engine\Graphics\Renderer</Filter>
    </ClInclude>
    <ClInclude Include="Engine\Graphics\MeshRenderer.h">
      <Filter>Engine\Graphics\Renderer</Filter>
    </ClInclude>
    <ClInclude Include="Engine\Graphics\SkinnedMeshRenderer.h">
      <Filter>Engine\Graphics\Renderer</Filter>
    </ClInclude>
    <!-- Engine\Window -->
    <ClInclude Include="Engine\Window\Window.h">
      <Filter>Engine\Window</Filter>
    </ClInclude>
    <!-- Engine\Math -->
    <ClInclude Include="Engine\Math\Math.h">
      <Filter>Engine\Math</Filter>
    </ClInclude>
    <ClInclude Include="Engine\Math\MathCommon.h">
      <Filter>Engine\Math</Filter>
    </ClInclude>
    <ClInclude Include="Engine\Math\MathUtils.h">
      <Filter>Engine\Math</Filter>
    </ClInclude>
    <ClInclude Include="Engine\Math\Matrix.h">
      <Filter>Engine\Math</Filter>
    </ClInclude>
    <ClInclude Include="Engine\Math\Quaternion.h">
      <Filter>Engine\Math</Filter>
    </ClInclude>
    <ClInclude Include="Engine\Math\Vector.h">
      <Filter>Engine\Math</Filter>
    </ClInclude>
    <ClInclude Include="Engine\Math\BoundingVolume.h">
      <Filter>Engine\Math</Filter>
    </ClInclude>
    <!-- Engine\Input -->
    <ClInclude Include="Engine\Input\Keyboard.h">
      <Filter>Engine\Input</Filter>
    </ClInclude>
    <ClInclude Include="Engine\Input\Mouse.h">
      <Filter>Engine\Input</Filter>
    </ClInclude>
    <ClInclude Include="Engine\Input\InputManager.h">
      <Filter>Engine\Input</Filter>
    </ClInclude>
    <!-- Engine\UI -->
    <ClInclude Include="Engine\UI\ImGuiManager.h">
      <Filter>Engine\UI</Filter>
    </ClInclude>
    <!-- Engine\Rendering -->
    <ClInclude Include="Engine\Rendering\RenderSystem.h">
      <Filter>Engine\Rendering</Filter>
    </ClInclude>
    <ClInclude Include="Engine\Rendering\LightManager.h">
      <Filter>Engine\Rendering</Filter>
    </ClInclude>
    <ClInclude Include="Engine\Rendering\RenderView.h">
      <Filter>Engine\Rendering</Filter>
    </ClInclude>
    <ClInclude Include="Engine\Rendering\RenderItem.h">
      <Filter>Engine\Rendering</Filter>
    </ClInclude>
    <ClInclude Include="Engine\Rendering\Renderer.h">
      <Filter>Engine\Rendering</Filter>
    </ClInclude>
    <ClInclude Include="Engine\Rendering\SkinnedRenderItem.h">
      <Filter>Engine\Rendering</Filter>
    </ClInclude>
    <ClInclude Include="Engine\Rendering\MeshRendererBase.h">
      <Filter>Engine\Rendering</Filter>
    </ClInclude>
    <ClInclude Include="Engine\Rendering\SkinnedMeshRenderer.h">
      <Filter>Engine\Rendering</Filter>
    </ClInclude>
    <ClInclude Include="Engine\Rendering\DebugRenderer.h">
      <Filter>Engine\Rendering</Filter>
    </ClInclude>
    <!-- Engine\Resource -->
    <ClInclude Include="Engine\Resource\ResourceLoader.h">
      <Filter>Engine\Resource</Filter>
    </ClInclude>
    <ClInclude Include="Engine\Resource\SkinnedModelImporter.h">
      <Filter>Engine\Resource</Filter>
    </ClInclude>
    <ClInclude Include="Engine\Resource\ResourceManager.h">
      <Filter>Engine\Resource</Filter>
    </ClInclude>
    <ClInclude Include="Engine\Resource\ImportOptions.h">
      <Filter>Engine\Resource</Filter>
    </ClInclude>
    <ClInclude Include="Engine\Resource\ModelImporter.h">
      <Filter>Engine\Resource</Filter>
    </ClInclude>
    <!-- Engine\Systems -->
    <ClInclude Include="Engine\Systems\ISystem.h">
      <Filter>Engine\Systems</Filter>
    </ClInclude>
    <ClInclude Include="Engine\Systems\SystemManager.h">
      <Filter>Engine\Systems</Filter>
    </ClInclude>
    <!-- Engine\Animation -->
    <ClInclude Include="Engine\Animation\Skeleton.h">
      <Filter>Engine\Animation</Filter>
    </ClInclude>
    <ClInclude Include="Engine\Animation\AnimationClip.h">
      <Filter>Engine\Animation</Filter>
    </ClInclude>
    <ClInclude Include="Engine\Animation\AnimationState.h">
      <Filter>Engine\Animation</Filter>
    </ClInclude>
    <ClInclude Include="Engine\Animation\Animator.h">
      <Filter>Engine\Animation</Filter>
    </ClInclude>
    <ClInclude Include="Engine\Animation\AnimatorComponent.h">
      <Filter>Engine\Animation</Filter>
    </ClInclude>
    <ClInclude Include="Engine\Animation\AnimationSystem.h">
      <Filter>Engine\Animation</Filter>
    </ClInclude>
    <!-- Engine\Scene -->
    <ClInclude Include="Engine\Scene\SceneSerializer.h">
      <Filter>Engine\Scene</Filter>
    </ClInclude>
    <!-- Engine\Audio -->
    <ClInclude Include="Engine\Audio\AudioSystem.h">
      <Filter>Engine\Audio</Filter>
    </ClInclude>
    <ClInclude Include="Engine\Audio\AudioClip.h">
      <Filter>Engine\Audio</Filter>
    </ClInclude>
    <ClInclude Include="Engine\Audio\AudioSource.h">
      <Filter>Engine\Audio</Filter>
    </ClInclude>
    <ClInclude Include="Engine\Audio\AudioListener.h">
      <Filter>Engine\Audio</Filter>
    </ClInclude>
    <!-- Engine\Scripting -->
    <ClInclude Include="Engine\Scripting\LuaState.h">
      <Filter>Engine\Scripting</Filter>
    </ClInclude>
    <ClInclude Include="Engine\Scripting\LuaScriptComponent.h">
      <Filter>Engine\Scripting</Filter>
    </ClInclude>
    <!-- Engine\Particle -->
    <ClInclude Include="Engine\Particle\Curve.h">
      <Filter>Engine\Particle</Filter>
    </ClInclude>
    <ClInclude Include="Engine\Particle\Gradient.h">
      <Filter>Engine\Particle</Filter>
    </ClInclude>
    <ClInclude Include="Engine\Particle\ParticleData.h">
      <Filter>Engine\Particle</Filter>
    </ClInclude>
    <ClInclude Include="Engine\Particle\ParticleEmitter.h">
      <Filter>Engine\Particle</Filter>
    </ClInclude>
    <ClInclude Include="Engine\Particle\ParticleSystem.h">
      <Filter>Engine\Particle</Filter>
    </ClInclude>
    <ClInclude Include="Engine\Particle\ParticleSerializer.h">
      <Filter>Engine\Particle</Filter>
    </ClInclude>
    <!-- Engine\Editor -->
    <ClInclude Include="Engine\Editor\CurveEditor.h">
      <Filter>Engine\Editor</Filter>
    </ClInclude>
    <ClInclude Include="Engine\Editor\ParticleEditor.h">
      <Filter>Engine\Editor</Filter>
    </ClInclude>
    <!-- Engine\PostProcess -->
    <ClInclude Include="Engine\PostProcess\PostProcess.h">
      <Filter>Engine\PostProcess</Filter>
    </ClInclude>
    <ClInclude Include="Engine\PostProcess\PostProcessType.h">
      <Filter>Engine\PostProcess</Filter>
    </ClInclude>
    <ClInclude Include="Engine\PostProcess\PostProcessPipeline.h">
      <Filter>Engine\PostProcess</Filter>
    </ClInclude>
    <ClInclude Include="Engine\PostProcess\PostProcessManager.h">
      <Filter>Engine\PostProcess</Filter>
    </ClInclude>
    <ClInclude Include="Engine\PostProcess\GrayscalePostProcess.h">
      <Filter>Engine\PostProcess</Filter>
    </ClInclude>
    <ClInclude Include="Engine\PostProcess\VignettePostProcess.h">
      <Filter>Engine\PostProcess</Filter>
    </ClInclude>
    <ClInclude Include="Engine\PostProcess\FisheyePostProcess.h">
      <Filter>Engine\PostProcess</Filter>
    </ClInclude>
    <!-- Game -->
    <ClInclude Include="Game\GameApplication.h">
      <Filter>Game</Filter>
    </ClInclude>
    <!-- Game\Components -->
    <ClInclude Include="Game\Components\PlayerController.h">
      <Filter>Game\Components</Filter>
    </ClInclude>
    <ClInclude Include="Game\Components\Player.h">
      <Filter>Game\Components</Filter>
    </ClInclude>
    <!-- Game\Systems -->
    <ClInclude Include="Game\Systems\CameraSystem.h">
      <Filter>Game\Systems</Filter>
    </ClInclude>
    <!-- Game\UI -->
    <ClInclude Include="Game\UI\EditorUI.h">
      <Filter>Game\UI</Filter>
    </ClInclude>
    <ClInclude Include="Game\UI\EditorCamera.h">
      <Filter>Game\UI</Filter>
    </ClInclude>
    <ClInclude Include="Game\UI\GizmoSystem.h">
      <Filter>Game\UI</Filter>
    </ClInclude>
    <ClInclude Include="Game\UI\ImGuizmo.h">
      <Filter>Game\UI</Filter>
    </ClInclude>
    <ClInclude Include="Game\UI\ImViewGuizmo.h">
      <Filter>Game\UI</Filter>
    </ClInclude>
    <!-- External\Sol -->
    <ClInclude Include="external\sol\sol.hpp">
      <Filter>External\Sol</Filter>
    </ClInclude>
    <ClInclude Include="external\sol\config.hpp">
      <Filter>External\Sol</Filter>
    </ClInclude>
    <ClInclude Include="external\sol\forward.hpp">
      <Filter>External\Sol</Filter>
    </ClInclude>
  </ItemGroup>
  <ItemGroup>
    <None Include="packages.config" />
  </ItemGroup>
  <ItemGroup>
    <FxCompile Include="Shaders\Basic\BasicVS.hlsl">
      <Filter>Shaders\Basic</Filter>
    </FxCompile>
    <FxCompile Include="Shaders\Basic\BasicPS.hlsl">
      <Filter>Shaders\Basic</Filter>
    </FxCompile>
    <FxCompile Include="Shaders\PBR\PBRVS.hlsl">
      <Filter>Shaders\PBR</Filter>
    </FxCompile>
    <FxCompile Include="Shaders\PBR\PBRPS.hlsl">
      <Filter>Shaders\PBR</Filter>
    </FxCompile>
    <FxCompile Include="Shaders\Sprite\SpriteVS.hlsl">
      <Filter>Shaders\Sprite</Filter>
    </FxCompile>
    <FxCompile Include="Shaders\Sprite\SpritePS.hlsl">
      <Filter>Shaders\Sprite</Filter>
    </FxCompile>
    <FxCompile Include="Shaders\Skinned\SkinnedVS.hlsl">
      <Filter>Shaders\Skinned</Filter>
    </FxCompile>
    <FxCompile Include="Shaders\Skinned\SkinnedPS.hlsl">
      <Filter>Shaders\Skinned</Filter>
    </FxCompile>
    <FxCompile Include="Shaders\Debug\InfiniteGridVS.hlsl">
      <Filter>Shaders\Debug</Filter>
    </FxCompile>
    <FxCompile Include="Shaders\Debug\InfiniteGridPS.hlsl">
      <Filter>Shaders\Debug</Filter>
    </FxCompile>
    <FxCompile Include="Shaders\Debug\DebugLineVS.hlsl">
      <Filter>Shaders\Debug</Filter>
    </FxCompile>
    <FxCompile Include="Shaders\Debug\DebugLinePS.hlsl">
      <Filter>Shaders\Debug</Filter>
    </FxCompile>
    <FxCompile Include="Shaders\Particle\ParticleEmitCS.hlsl">
      <Filter>Shaders\Particle</Filter>
    </FxCompile>
    <FxCompile Include="Shaders\Particle\ParticleUpdateCS.hlsl">
      <Filter>Shaders\Particle</Filter>
    </FxCompile>
    <FxCompile Include="Shaders\Particle\ParticleBillboardVS.hlsl">
      <Filter>Shaders\Particle</Filter>
    </FxCompile>
    <FxCompile Include="Shaders\Particle\ParticlePS.hlsl">
      <Filter>Shaders\Particle</Filter>
    </FxCompile>
    <FxCompile Include="Shaders\Particle\ParticleProceduralPS.hlsl">
      <Filter>Shaders\Particle</Filter>
    </FxCompile>
    <FxCompile Include="Shaders\PostProcess\FullscreenVS.hlsl">
      <Filter>Shaders\PostProcess</Filter>
    </FxCompile>
    <FxCompile Include="Shaders\PostProcess\GrayscalePS.hlsl">
      <Filter>Shaders\PostProcess</Filter>
    </FxCompile>
    <FxCompile Include="Shaders\PostProcess\VignettePS.hlsl">
      <Filter>Shaders\PostProcess</Filter>
    </FxCompile>
    <FxCompile Include="Shaders\PostProcess\FisheyePS.hlsl">
      <Filter>Shaders\PostProcess</Filter>
    </FxCompile>
  </ItemGroup>
  <ItemGroup>
    <None Include="Shaders\Particle\ParticleCommon.hlsli">
      <Filter>Shaders\Particle</Filter>
    </None>
  </ItemGroup>
</Project>
